
Microsoft Visual Studio Solution File, Format Version 11.00
# Visual Studio 2010
Project("{FAE04EC0-301F-11D3-BF4B-00C04F79EFBC}") = "l1_1", "l1_1.csproj", "{764C9F14-73DF-4E2F-B46D-63C95D3044F1}"
EndProject
Global
	GlobalSection(SolutionConfigurationPlatforms) = preSolution
		Debug|x86 = Debug|x86
		Release|x86 = Release|x86
	EndGlobalSection
	GlobalSection(ProjectConfigurationPlatforms) = postSolution
		{764C9F14-73DF-4E2F-B46D-63C95D3044F1}.Debug|x86.ActiveCfg = Debug|x86
		{764C9F14-73DF-4E2F-B46D-63C95D3044F1}.Debug|x86.Build.0 = Debug|x86
		{764C9F14-73DF-4E2F-B46D-63C95D3044F1}.Release|x86.ActiveCfg = Release|x86
		{764C9F14-73DF-4E2F-B46D-63C95D3044F1}.Release|x86.Build.0 = Release|x86
	EndGlobalSection
	GlobalSection(SolutionProperties) = preSolution
		HideSolutionNode = FALSE
	EndGlobalSection
EndGlobal
